Microsoft Visual Studio Solution File, Format Version 12.00
# Visual Studio Version 17
VisualStudioVersion = 17.13.35931.197
MinimumVisualStudioVersion = 10.0.40219.1
Project("{FAE04EC0-301F-11D3-BF4B-00C04F79EFBC}") = "servies_analyzer", "servies_analyzer\servies_analyzer.csproj", "{53BCB498-FC3A-4CF2-9BD2-7BF7E31D2A05}"
EndProject
Global
	GlobalSection(SolutionConfigurationPlatforms) = preSolution
		Debug|Any CPU = Debug|Any CPU
		Release|Any CPU = Release|Any CPU
	EndGlobalSection
	GlobalSection(ProjectConfigurationPlatforms) = postSolution
		{53BCB498-FC3A-4CF2-9BD2-7BF7E31D2A05}.Debug|Any CPU.ActiveCfg = Debug|Any CPU
		{53BCB498-FC3A-4CF2-9BD2-7BF7E31D2A05}.Debug|Any CPU.Build.0 = Debug|Any CPU
		{53BCB498-FC3A-4CF2-9BD2-7BF7E31D2A05}.Release|Any CPU.ActiveCfg = Release|Any CPU
		{53BCB498-FC3A-4CF2-9BD2-7BF7E31D2A05}.Release|Any CPU.Build.0 = Release|Any CPU
	EndGlobalSection
	GlobalSection(SolutionProperties) = preSolution
		HideSolutionNode = FALSE
	EndGlobalSection
	GlobalSection(ExtensibilityGlobals) = postSolution
		SolutionGuid = {BA2DEEBD-AD19-4D3C-88A5-19075C55DE1D}
	EndGlobalSection
EndGlobal
